// !$*UTF8*$!
{
	archiveVersion = 1;
	classes = {
	};
	objectVersion = 50;
	objects = {

/* Begin PBXBuildFile section */
		D8275FA124BBCEF50063EC9F /* AudioKit.framework in Frameworks */ = {isa = PBXBuildFile; fileRef = D8275F9524BBC0800063EC9F /* AudioKit.framework */; };
		D8275FA624BBD6300063EC9F /* drumloop.wav in Resources */ = {isa = PBXBuildFile; fileRef = D8275FA524BBD6300063EC9F /* drumloop.wav */; };
		D8275FA824BBD7B10063EC9F /* AudioKitUI.framework in Frameworks */ = {isa = PBXBuildFile; fileRef = D8275FA724BBD7B10063EC9F /* AudioKitUI.framework */; };
		D8923C2524BB4FEB0088C4D7 /* AppDelegate.swift in Sources */ = {isa = PBXBuildFile; fileRef = D8923C2424BB4FEB0088C4D7 /* AppDelegate.swift */; };
		D8923C2724BB4FEB0088C4D7 /* SceneDelegate.swift in Sources */ = {isa = PBXBuildFile; fileRef = D8923C2624BB4FEB0088C4D7 /* SceneDelegate.swift */; };
		D8923C2924BB4FEB0088C4D7 /* ContentView.swift in Sources */ = {isa = PBXBuildFile; fileRef = D8923C2824BB4FEB0088C4D7 /* ContentView.swift */; };
		D8923C2B24BB4FEF0088C4D7 /* Assets.xcassets in Resources */ = {isa = PBXBuildFile; fileRef = D8923C2A24BB4FEF0088C4D7 /* Assets.xcassets */; };
		D8923C2E24BB4FEF0088C4D7 /* Preview Assets.xcassets in Resources */ = {isa = PBXBuildFile; fileRef = D8923C2D24BB4FEF0088C4D7 /* Preview Assets.xcassets */; };
		D8923C3124BB4FEF0088C4D7 /* LaunchScreen.storyboard in Resources */ = {isa = PBXBuildFile; fileRef = D8923C2F24BB4FEF0088C4D7 /* LaunchScreen.storyboard */; };
		D8923C3C24BB4FEF0088C4D7 /* Basic_SynthTests.swift in Sources */ = {isa = PBXBuildFile; fileRef = D8923C3B24BB4FEF0088C4D7 /* Basic_SynthTests.swift */; };
		D8923C4724BB4FEF0088C4D7 /* Basic_SynthUITests.swift in Sources */ = {isa = PBXBuildFile; fileRef = D8923C4624BB4FEF0088C4D7 /* Basic_SynthUITests.swift */; };
		D8923C5524BB54C60088C4D7 /* DataModel.swift in Sources */ = {isa = PBXBuildFile; fileRef = D8923C5424BB54C60088C4D7 /* DataModel.swift */; };
/* End PBXBuildFile section */

/* Begin PBXContainerItemProxy section */
		D8923C3824BB4FEF0088C4D7 /* PBXContainerItemProxy */ = {
			isa = PBXContainerItemProxy;
			containerPortal = D8923C1924BB4FEB0088C4D7 /* Project object */;
			proxyType = 1;
			remoteGlobalIDString = D8923C2024BB4FEB0088C4D7;
			remoteInfo = "Basic-Synth";
		};
		D8923C4324BB4FEF0088C4D7 /* PBXContainerItemProxy */ = {
			isa = PBXContainerItemProxy;
			containerPortal = D8923C1924BB4FEB0088C4D7 /* Project object */;
			proxyType = 1;
			remoteGlobalIDString = D8923C2024BB4FEB0088C4D7;
			remoteInfo = "Basic-Synth";
		};
/* End PBXContainerItemProxy section */

/* Begin PBXFileReference section */
		611C7B4F310D59E12EA626AB /* Pods-Basic-SynthTests.debug.xcconfig */ = {isa = PBXFileReference; includeInIndex = 1; lastKnownFileType = text.xcconfig; name = "Pods-Basic-SynthTests.debug.xcconfig"; path = "Target Support Files/Pods-Basic-SynthTests/Pods-Basic-SynthTests.debug.xcconfig"; sourceTree = "<group>"; };
		7CC31E77A150BDA1CC146C06 /* Pods-Basic-Synth.debug.xcconfig */ = {isa = PBXFileReference; includeInIndex = 1; lastKnownFileType = text.xcconfig; name = "Pods-Basic-Synth.debug.xcconfig"; path = "Target Support Files/Pods-Basic-Synth/Pods-Basic-Synth.debug.xcconfig"; sourceTree = "<group>"; };
		87B983033869E39617A43715 /* Pods-Basic-Synth-Basic-SynthUITests.release.xcconfig */ = {isa = PBXFileReference; includeInIndex = 1; lastKnownFileType = text.xcconfig; name = "Pods-Basic-Synth-Basic-SynthUITests.release.xcconfig"; path = "Target Support Files/Pods-Basic-Synth-Basic-SynthUITests/Pods-Basic-Synth-Basic-SynthUITests.release.xcconfig"; sourceTree = "<group>"; };
		BCE9D3E4CB63970E85D5A113 /* Pods-Basic-Synth.release.xcconfig */ = {isa = PBXFileReference; includeInIndex = 1; lastKnownFileType = text.xcconfig; name = "Pods-Basic-Synth.release.xcconfig"; path = "Target Support Files/Pods-Basic-Synth/Pods-Basic-Synth.release.xcconfig"; sourceTree = "<group>"; };
		CD599A473FCE6359B2785746 /* Pods-Basic-SynthTests.release.xcconfig */ = {isa = PBXFileReference; includeInIndex = 1; lastKnownFileType = text.xcconfig; name = "Pods-Basic-SynthTests.release.xcconfig"; path = "Target Support Files/Pods-Basic-SynthTests/Pods-Basic-SynthTests.release.xcconfig"; sourceTree = "<group>"; };
		D33C9338A26051B7FC832844 /* Pods-Basic-Synth-Basic-SynthUITests.debug.xcconfig */ = {isa = PBXFileReference; includeInIndex = 1; lastKnownFileType = text.xcconfig; name = "Pods-Basic-Synth-Basic-SynthUITests.debug.xcconfig"; path = "Target Support Files/Pods-Basic-Synth-Basic-SynthUITests/Pods-Basic-Synth-Basic-SynthUITests.debug.xcconfig"; sourceTree = "<group>"; };
		D8275F9524BBC0800063EC9F /* AudioKit.framework */ = {isa = PBXFileReference; lastKnownFileType = wrapper.framework; name = AudioKit.framework; path = "../../Downloads/AudioKit-iOS/AudioKit.framework"; sourceTree = "<group>"; };
		D8275FA524BBD6300063EC9F /* drumloop.wav */ = {isa = PBXFileReference; lastKnownFileType = audio.wav; path = drumloop.wav; sourceTree = "<group>"; };
		D8275FA724BBD7B10063EC9F /* AudioKitUI.framework */ = {isa = PBXFileReference; lastKnownFileType = wrapper.framework; name = AudioKitUI.framework; path = "Basic-Synth/AudioKit-iOS/AudioKitUI.framework"; sourceTree = "<group>"; };
		D8923C2124BB4FEB0088C4D7 /* Basic-Synth.app */ = {isa = PBXFileReference; explicitFileType = wrapper.application; includeInIndex = 0; path = "Basic-Synth.app"; sourceTree = BUILT_PRODUCTS_DIR; };
		D8923C2424BB4FEB0088C4D7 /* AppDelegate.swift */ = {isa = PBXFileReference; lastKnownFileType = sourcecode.swift; path = AppDelegate.swift; sourceTree = "<group>"; };
		D8923C2624BB4FEB0088C4D7 /* SceneDelegate.swift */ = {isa = PBXFileReference; lastKnownFileType = sourcecode.swift; path = SceneDelegate.swift; sourceTree = "<group>"; };
		D8923C2824BB4FEB0088C4D7 /* ContentView.swift */ = {isa = PBXFileReference; lastKnownFileType = sourcecode.swift; path = ContentView.swift; sourceTree = "<group>"; };
		D8923C2A24BB4FEF0088C4D7 /* Assets.xcassets */ = {isa = PBXFileReference; lastKnownFileType = folder.assetcatalog; path = Assets.xcassets; sourceTree = "<group>"; };
		D8923C2D24BB4FEF0088C4D7 /* Preview Assets.xcassets */ = {isa = PBXFileReference; lastKnownFileType = folder.assetcatalog; path = "Preview Assets.xcassets"; sourceTree = "<group>"; };
		D8923C3024BB4FEF0088C4D7 /* Base */ = {isa = PBXFileReference; lastKnownFileType = file.storyboard; name = Base; path = Base.lproj/LaunchScreen.storyboard; sourceTree = "<group>"; };
		D8923C3224BB4FEF0088C4D7 /* Info.plist */ = {isa = PBXFileReference; lastKnownFileType = text.plist.xml; path = Info.plist; sourceTree = "<group>"; };
		D8923C3724BB4FEF0088C4D7 /* Basic-SynthTests.xctest */ = {isa = PBXFileReference; explicitFileType = wrapper.cfbundle; includeInIndex = 0; path = "Basic-SynthTests.xctest"; sourceTree = BUILT_PRODUCTS_DIR; };
		D8923C3B24BB4FEF0088C4D7 /* Basic_SynthTests.swift */ = {isa = PBXFileReference; lastKnownFileType = sourcecode.swift; path = Basic_SynthTests.swift; sourceTree = "<group>"; };
		D8923C3D24BB4FEF0088C4D7 /* Info.plist */ = {isa = PBXFileReference; lastKnownFileType = text.plist.xml; path = Info.plist; sourceTree = "<group>"; };
		D8923C4224BB4FEF0088C4D7 /* Basic-SynthUITests.xctest */ = {isa = PBXFileReference; explicitFileType = wrapper.cfbundle; includeInIndex = 0; path = "Basic-SynthUITests.xctest"; sourceTree = BUILT_PRODUCTS_DIR; };
		D8923C4624BB4FEF0088C4D7 /* Basic_SynthUITests.swift */ = {isa = PBXFileReference; lastKnownFileType = sourcecode.swift; path = Basic_SynthUITests.swift; sourceTree = "<group>"; };
		D8923C4824BB4FEF0088C4D7 /* Info.plist */ = {isa = PBXFileReference; lastKnownFileType = text.plist.xml; path = Info.plist; sourceTree = "<group>"; };
		D8923C5424BB54C60088C4D7 /* DataModel.swift */ = {isa = PBXFileReference; lastKnownFileType = sourcecode.swift; path = DataModel.swift; sourceTree = "<group>"; };
/* End PBXFileReference section */

/* Begin PBXFrameworksBuildPhase section */
		D8923C1E24BB4FEB0088C4D7 /* Frameworks */ = {
			isa = PBXFrameworksBuildPhase;
			buildActionMask = 2147483647;
			files = (
				D8275FA124BBCEF50063EC9F /* AudioKit.framework in Frameworks */,
				D8275FA824BBD7B10063EC9F /* AudioKitUI.framework in Frameworks */,
			);
			runOnlyForDeploymentPostprocessing = 0;
		};
		D8923C3424BB4FEF0088C4D7 /* Frameworks */ = {
			isa = PBXFrameworksBuildPhase;
			buildActionMask = 2147483647;
			files = (
			);
			runOnlyForDeploymentPostprocessing = 0;
		};
		D8923C3F24BB4FEF0088C4D7 /* Frameworks */ = {
			isa = PBXFrameworksBuildPhase;
			buildActionMask = 2147483647;
			files = (
			);
			runOnlyForDeploymentPostprocessing = 0;
		};
/* End PBXFrameworksBuildPhase section */

/* Begin PBXGroup section */
		9D781F80750EA89DC144FB22 /* Frameworks */ = {
			isa = PBXGroup;
			children = (
				D8275FA724BBD7B10063EC9F /* AudioKitUI.framework */,
				D8275F9524BBC0800063EC9F /* AudioKit.framework */,
			);
			name = Frameworks;
			sourceTree = "<group>";
		};
		A3B4EE3132693348C1282115 /* Pods */ = {
			isa = PBXGroup;
			children = (
				7CC31E77A150BDA1CC146C06 /* Pods-Basic-Synth.debug.xcconfig */,
				BCE9D3E4CB63970E85D5A113 /* Pods-Basic-Synth.release.xcconfig */,
				D33C9338A26051B7FC832844 /* Pods-Basic-Synth-Basic-SynthUITests.debug.xcconfig */,
				87B983033869E39617A43715 /* Pods-Basic-Synth-Basic-SynthUITests.release.xcconfig */,
				611C7B4F310D59E12EA626AB /* Pods-Basic-SynthTests.debug.xcconfig */,
				CD599A473FCE6359B2785746 /* Pods-Basic-SynthTests.release.xcconfig */,
			);
			path = Pods;
			sourceTree = "<group>";
		};
		D8923C1824BB4FEB0088C4D7 = {
			isa = PBXGroup;
			children = (
				D8923C2324BB4FEB0088C4D7 /* Basic-Synth */,
				D8923C3A24BB4FEF0088C4D7 /* Basic-SynthTests */,
				D8923C4524BB4FEF0088C4D7 /* Basic-SynthUITests */,
				D8923C2224BB4FEB0088C4D7 /* Products */,
				A3B4EE3132693348C1282115 /* Pods */,
				9D781F80750EA89DC144FB22 /* Frameworks */,
			);
			sourceTree = "<group>";
		};
		D8923C2224BB4FEB0088C4D7 /* Products */ = {
			isa = PBXGroup;
			children = (
				D8923C2124BB4FEB0088C4D7 /* Basic-Synth.app */,
				D8923C3724BB4FEF0088C4D7 /* Basic-SynthTests.xctest */,
				D8923C4224BB4FEF0088C4D7 /* Basic-SynthUITests.xctest */,
			);
			name = Products;
			sourceTree = "<group>";
		};
		D8923C2324BB4FEB0088C4D7 /* Basic-Synth */ = {
			isa = PBXGroup;
			children = (
				D8275FA524BBD6300063EC9F /* drumloop.wav */,
				D8923C2424BB4FEB0088C4D7 /* AppDelegate.swift */,
				D8923C5424BB54C60088C4D7 /* DataModel.swift */,
				D8923C2624BB4FEB0088C4D7 /* SceneDelegate.swift */,
				D8923C2824BB4FEB0088C4D7 /* ContentView.swift */,
				D8923C2A24BB4FEF0088C4D7 /* Assets.xcassets */,
				D8923C2F24BB4FEF0088C4D7 /* LaunchScreen.storyboard */,
				D8923C3224BB4FEF0088C4D7 /* Info.plist */,
				D8923C2C24BB4FEF0088C4D7 /* Preview Content */,
			);
			path = "Basic-Synth";
			sourceTree = "<group>";
		};
		D8923C2C24BB4FEF0088C4D7 /* Preview Content */ = {
			isa = PBXGroup;
			children = (
				D8923C2D24BB4FEF0088C4D7 /* Preview Assets.xcassets */,
			);
			path = "Preview Content";
			sourceTree = "<group>";
		};
		D8923C3A24BB4FEF0088C4D7 /* Basic-SynthTests */ = {
			isa = PBXGroup;
			children = (
				D8923C3B24BB4FEF0088C4D7 /* Basic_SynthTests.swift */,
				D8923C3D24BB4FEF0088C4D7 /* Info.plist */,
			);
			path = "Basic-SynthTests";
			sourceTree = "<group>";
		};
		D8923C4524BB4FEF0088C4D7 /* Basic-SynthUITests */ = {
			isa = PBXGroup;
			children = (
				D8923C4624BB4FEF0088C4D7 /* Basic_SynthUITests.swift */,
				D8923C4824BB4FEF0088C4D7 /* Info.plist */,
			);
			path = "Basic-SynthUITests";
			sourceTree = "<group>";
		};
/* End PBXGroup section */

/* Begin PBXNativeTarget section */
		D8923C2024BB4FEB0088C4D7 /* Basic-Synth */ = {
			isa = PBXNativeTarget;
			buildConfigurationList = D8923C4B24BB4FEF0088C4D7 /* Build configuration list for PBXNativeTarget "Basic-Synth" */;
			buildPhases = (
				7C867685CF0F3BF694693143 /* [CP] Check Pods Manifest.lock */,
				D8923C1D24BB4FEB0088C4D7 /* Sources */,
				D8923C1E24BB4FEB0088C4D7 /* Frameworks */,
				D8923C1F24BB4FEB0088C4D7 /* Resources */,
			);
			buildRules = (
			);
			dependencies = (
			);
			name = "Basic-Synth";
			productName = "Basic-Synth";
			productReference = D8923C2124BB4FEB0088C4D7 /* Basic-Synth.app */;
			productType = "com.apple.product-type.application";
		};
		D8923C3624BB4FEF0088C4D7 /* Basic-SynthTests */ = {
			isa = PBXNativeTarget;
			buildConfigurationList = D8923C4E24BB4FEF0088C4D7 /* Build configuration list for PBXNativeTarget "Basic-SynthTests" */;
			buildPhases = (
				BC14C1AE2EC22EE430F0EB82 /* [CP] Check Pods Manifest.lock */,
				D8923C3324BB4FEF0088C4D7 /* Sources */,
				D8923C3424BB4FEF0088C4D7 /* Frameworks */,
				D8923C3524BB4FEF0088C4D7 /* Resources */,
			);
			buildRules = (
			);
			dependencies = (
				D8923C3924BB4FEF0088C4D7 /* PBXTargetDependency */,
			);
			name = "Basic-SynthTests";
			productName = "Basic-SynthTests";
			productReference = D8923C3724BB4FEF0088C4D7 /* Basic-SynthTests.xctest */;
			productType = "com.apple.product-type.bundle.unit-test";
		};
		D8923C4124BB4FEF0088C4D7 /* Basic-SynthUITests */ = {
			isa = PBXNativeTarget;
			buildConfigurationList = D8923C5124BB4FEF0088C4D7 /* Build configuration list for PBXNativeTarget "Basic-SynthUITests" */;
			buildPhases = (
				68D0A7E12947BB5AE131D396 /* [CP] Check Pods Manifest.lock */,
				D8923C3E24BB4FEF0088C4D7 /* Sources */,
				D8923C3F24BB4FEF0088C4D7 /* Frameworks */,
				D8923C4024BB4FEF0088C4D7 /* Resources */,
			);
			buildRules = (
			);
			dependencies = (
				D8923C4424BB4FEF0088C4D7 /* PBXTargetDependency */,
			);
			name = "Basic-SynthUITests";
			productName = "Basic-SynthUITests";
			productReference = D8923C4224BB4FEF0088C4D7 /* Basic-SynthUITests.xctest */;
			productType = "com.apple.product-type.bundle.ui-testing";
		};
/* End PBXNativeTarget section */

/* Begin PBXProject section */
		D8923C1924BB4FEB0088C4D7 /* Project object */ = {
			isa = PBXProject;
			attributes = {
				LastSwiftUpdateCheck = 1150;
				LastUpgradeCheck = 1150;
				ORGANIZATIONNAME = "Nathan Sepulveda";
				TargetAttributes = {
					D8923C2024BB4FEB0088C4D7 = {
						CreatedOnToolsVersion = 11.5;
					};
					D8923C3624BB4FEF0088C4D7 = {
						CreatedOnToolsVersion = 11.5;
						TestTargetID = D8923C2024BB4FEB0088C4D7;
					};
					D8923C4124BB4FEF0088C4D7 = {
						CreatedOnToolsVersion = 11.5;
						TestTargetID = D8923C2024BB4FEB0088C4D7;
					};
				};
			};
			buildConfigurationList = D8923C1C24BB4FEB0088C4D7 /* Build configuration list for PBXProject "Basic-Synth" */;
			compatibilityVersion = "Xcode 9.3";
			developmentRegion = en;
			hasScannedForEncodings = 0;
			knownRegions = (
				en,
				Base,
			);
			mainGroup = D8923C1824BB4FEB0088C4D7;
			productRefGroup = D8923C2224BB4FEB0088C4D7 /* Products */;
			projectDirPath = "";
			projectRoot = "";
			targets = (
				D8923C2024BB4FEB0088C4D7 /* Basic-Synth */,
				D8923C3624BB4FEF0088C4D7 /* Basic-SynthTests */,
				D8923C4124BB4FEF0088C4D7 /* Basic-SynthUITests */,
			);
		};
/* End PBXProject section */

/* Begin PBXResourcesBuildPhase section */
		D8923C1F24BB4FEB0088C4D7 /* Resources */ = {
			isa = PBXResourcesBuildPhase;
			buildActionMask = 2147483647;
			files = (
				D8923C3124BB4FEF0088C4D7 /* LaunchScreen.storyboard in Resources */,
				D8923C2E24BB4FEF0088C4D7 /* Preview Assets.xcassets in Resources */,
				D8275FA624BBD6300063EC9F /* drumloop.wav in Resources */,
				D8923C2B24BB4FEF0088C4D7 /* Assets.xcassets in Resources */,
			);
			runOnlyForDeploymentPostprocessing = 0;
		};
		D8923C3524BB4FEF0088C4D7 /* Resources */ = {
			isa = PBXResourcesBuildPhase;
			buildActionMask = 2147483647;
			files = (
			);
			runOnlyForDeploymentPostprocessing = 0;
		};
		D8923C4024BB4FEF0088C4D7 /* Resources */ = {
			isa = PBXResourcesBuildPhase;
			buildActionMask = 2147483647;
			files = (
			);
			runOnlyForDeploymentPostprocessing = 0;
		};
/* End PBXResourcesBuildPhase section */

/* Begin PBXShellScriptBuildPhase section */
		68D0A7E12947BB5AE131D396 /* [CP] Check Pods Manifest.lock */ = {
			isa = PBXShellScriptBuildPhase;
			buildActionMask = 2147483647;
			files = (
			);
			inputFileListPaths = (
			);
			inputPaths = (
				"${PODS_PODFILE_DIR_PATH}/Podfile.lock",
				"${PODS_ROOT}/Manifest.lock",
			);
			name = "[CP] Check Pods Manifest.lock";
			outputFileListPaths = (
			);
			outputPaths = (
				"$(DERIVED_FILE_DIR)/Pods-Basic-Synth-Basic-SynthUITests-checkManifestLockResult.txt",
			);
			runOnlyForDeploymentPostprocessing = 0;
			shellPath = /bin/sh;
			shellScript = "diff \"${PODS_PODFILE_DIR_PATH}/Podfile.lock\" \"${PODS_ROOT}/Manifest.lock\" > /dev/null\nif [ $? != 0 ] ; then\n    # print error to STDERR\n    echo \"error: The sandbox is not in sync with the Podfile.lock. Run 'pod install' or update your CocoaPods installation.\" >&2\n    exit 1\nfi\n# This output is used by Xcode 'outputs' to avoid re-running this script phase.\necho \"SUCCESS\" > \"${SCRIPT_OUTPUT_FILE_0}\"\n";
			showEnvVarsInLog = 0;
		};
		7C867685CF0F3BF694693143 /* [CP] Check Pods Manifest.lock */ = {
			isa = PBXShellScriptBuildPhase;
			buildActionMask = 2147483647;
			files = (
			);
			inputFileListPaths = (
			);
			inputPaths = (
				"${PODS_PODFILE_DIR_PATH}/Podfile.lock",
				"${PODS_ROOT}/Manifest.lock",
			);
			name = "[CP] Check Pods Manifest.lock";
			outputFileListPaths = (
			);
			outputPaths = (
				"$(DERIVED_FILE_DIR)/Pods-Basic-Synth-checkManifestLockResult.txt",
			);
			runOnlyForDeploymentPostprocessing = 0;
			shellPath = /bin/sh;
			shellScript = "diff \"${PODS_PODFILE_DIR_PATH}/Podfile.lock\" \"${PODS_ROOT}/Manifest.lock\" > /dev/null\nif [ $? != 0 ] ; then\n    # print error to STDERR\n    echo \"error: The sandbox is not in sync with the Podfile.lock. Run 'pod install' or update your CocoaPods installation.\" >&2\n    exit 1\nfi\n# This output is used by Xcode 'outputs' to avoid re-running this script phase.\necho \"SUCCESS\" > \"${SCRIPT_OUTPUT_FILE_0}\"\n";
			showEnvVarsInLog = 0;
		};
		BC14C1AE2EC22EE430F0EB82 /* [CP] Check Pods Manifest.lock */ = {
			isa = PBXShellScriptBuildPhase;
			buildActionMask = 2147483647;
			files = (
			);
			inputFileListPaths = (
			);
			inputPaths = (
				"${PODS_PODFILE_DIR_PATH}/Podfile.lock",
				"${PODS_ROOT}/Manifest.lock",
			);
			name = "[CP] Check Pods Manifest.lock";
			outputFileListPaths = (
			);
			outputPaths = (
				"$(DERIVED_FILE_DIR)/Pods-Basic-SynthTests-checkManifestLockResult.txt",
			);
			runOnlyForDeploymentPostprocessing = 0;
			shellPath = /bin/sh;
			shellScript = "diff \"${PODS_PODFILE_DIR_PATH}/Podfile.lock\" \"${PODS_ROOT}/Manifest.lock\" > /dev/null\nif [ $? != 0 ] ; then\n    # print error to STDERR\n    echo \"error: The sandbox is not in sync with the Podfile.lock. Run 'pod install' or update your CocoaPods installation.\" >&2\n    exit 1\nfi\n# This output is used by Xcode 'outputs' to avoid re-running this script phase.\necho \"SUCCESS\" > \"${SCRIPT_OUTPUT_FILE_0}\"\n";
			showEnvVarsInLog = 0;
		};
/* End PBXShellScriptBuildPhase section */

/* Begin PBXSourcesBuildPhase section */
		D8923C1D24BB4FEB0088C4D7 /* Sources */ = {
			isa = PBXSourcesBuildPhase;
			buildActionMask = 2147483647;
			files = (
				D8923C2524BB4FEB0088C4D7 /* AppDelegate.swift in Sources */,
				D8923C5524BB54C60088C4D7 /* DataModel.swift in Sources */,
				D8923C2724BB4FEB0088C4D7 /* SceneDelegate.swift in Sources */,
				D8923C2924BB4FEB0088C4D7 /* ContentView.swift in Sources */,
			);
			runOnlyForDeploymentPostprocessing = 0;
		};
		D8923C3324BB4FEF0088C4D7 /* Sources */ = {
			isa = PBXSourcesBuildPhase;
			buildActionMask = 2147483647;
			files = (
				D8923C3C24BB4FEF0088C4D7 /* Basic_SynthTests.swift in Sources */,
			);
			runOnlyForDeploymentPostprocessing = 0;
		};
		D8923C3E24BB4FEF0088C4D7 /* Sources */ = {
			isa = PBXSourcesBuildPhase;
			buildActionMask = 2147483647;
			files = (
				D8923C4724BB4FEF0088C4D7 /* Basic_SynthUITests.swift in Sources */,
			);
			runOnlyForDeploymentPostprocessing = 0;
		};
/* End PBXSourcesBuildPhase section */

/* Begin PBXTargetDependency section */
		D8923C3924BB4FEF0088C4D7 /* PBXTargetDependency */ = {
			isa = PBXTargetDependency;
			target = D8923C2024BB4FEB0088C4D7 /* Basic-Synth */;
			targetProxy = D8923C3824BB4FEF0088C4D7 /* PBXContainerItemProxy */;
		};
		D8923C4424BB4FEF0088C4D7 /* PBXTargetDependency */ = {
			isa = PBXTargetDependency;
			target = D8923C2024BB4FEB0088C4D7 /* Basic-Synth */;
			targetProxy = D8923C4324BB4FEF0088C4D7 /* PBXContainerItemProxy */;
		};
/* End PBXTargetDependency section */

/* Begin PBXVariantGroup section */
		D8923C2F24BB4FEF0088C4D7 /* LaunchScreen.storyboard */ = {
			isa = PBXVariantGroup;
			children = (
				D8923C3024BB4FEF0088C4D7 /* Base */,
			);
			name = LaunchScreen.storyboard;
			sourceTree = "<group>";
		};
/* End PBXVariantGroup section */

/* Begin XCBuildConfiguration section */
		D8923C4924BB4FEF0088C4D7 /* Debug */ = {
			isa = XCBuildConfiguration;
			buildSettings = {
				ALWAYS_SEARCH_USER_PATHS = NO;
				CLANG_ANALYZER_NONNULL = YES;
				CLANG_ANALYZER_NUMBER_OBJECT_CONVERSION = YES_AGGRESSIVE;
				CLANG_CXX_LANGUAGE_STANDARD = "gnu++14";
				CLANG_CXX_LIBRARY = "libc++";
				CLANG_ENABLE_MODULES = YES;
				CLANG_ENABLE_OBJC_ARC = YES;
				CLANG_ENABLE_OBJC_WEAK = YES;
				CLANG_WARN_BLOCK_CAPTURE_AUTORELEASING = YES;
				CLANG_WARN_BOOL_CONVERSION = YES;
				CLANG_WARN_COMMA = YES;
				CLANG_WARN_CONSTANT_CONVERSION = YES;
				CLANG_WARN_DEPRECATED_OBJC_IMPLEMENTATIONS = YES;
				CLANG_WARN_DIRECT_OBJC_ISA_USAGE = YES_ERROR;
				CLANG_WARN_DOCUMENTATION_COMMENTS = YES;
				CLANG_WARN_EMPTY_BODY = YES;
				CLANG_WARN_ENUM_CONVERSION = YES;
				CLANG_WARN_INFINITE_RECURSION = YES;
				CLANG_WARN_INT_CONVERSION = YES;
				CLANG_WARN_NON_LITERAL_NULL_CONVERSION = YES;
				CLANG_WARN_OBJC_IMPLICIT_RETAIN_SELF = YES;
				CLANG_WARN_OBJC_LITERAL_CONVERSION = YES;
				CLANG_WARN_OBJC_ROOT_CLASS = YES_ERROR;
				CLANG_WARN_RANGE_LOOP_ANALYSIS = YES;
				CLANG_WARN_STRICT_PROTOTYPES = YES;
				CLANG_WARN_SUSPICIOUS_MOVE = YES;
				CLANG_WARN_UNGUARDED_AVAILABILITY = YES_AGGRESSIVE;
				CLANG_WARN_UNREACHABLE_CODE = YES;
				CLANG_WARN__DUPLICATE_METHOD_MATCH = YES;
				COPY_PHASE_STRIP = NO;
				DEBUG_INFORMATION_FORMAT = dwarf;
				ENABLE_STRICT_OBJC_MSGSEND = YES;
				ENABLE_TESTABILITY = YES;
				GCC_C_LANGUAGE_STANDARD = gnu11;
				GCC_DYNAMIC_NO_PIC = NO;
				GCC_NO_COMMON_BLOCKS = YES;
				GCC_OPTIMIZATION_LEVEL = 0;
				GCC_PREPROCESSOR_DEFINITIONS = (
					"DEBUG=1",
					"$(inherited)",
				);
				GCC_WARN_64_TO_32_BIT_CONVERSION = YES;
				GCC_WARN_ABOUT_RETURN_TYPE = YES_ERROR;
				GCC_WARN_UNDECLARED_SELECTOR = YES;
				GCC_WARN_UNINITIALIZED_AUTOS = YES_AGGRESSIVE;
				GCC_WARN_UNUSED_FUNCTION = YES;
				GCC_WARN_UNUSED_VARIABLE = YES;
				IPHONEOS_DEPLOYMENT_TARGET = 13.5;
				MTL_ENABLE_DEBUG_INFO = INCLUDE_SOURCE;
				MTL_FAST_MATH = YES;
				ONLY_ACTIVE_ARCH = YES;
				SDKROOT = iphoneos;
				SWIFT_ACTIVE_COMPILATION_CONDITIONS = DEBUG;
				SWIFT_OPTIMIZATION_LEVEL = "-Onone";
			};
			name = Debug;
		};
		D8923C4A24BB4FEF0088C4D7 /* Release */ = {
			isa = XCBuildConfiguration;
			buildSettings = {
				ALWAYS_SEARCH_USER_PATHS = NO;
				CLANG_ANALYZER_NONNULL = YES;
				CLANG_ANALYZER_NUMBER_OBJECT_CONVERSION = YES_AGGRESSIVE;
				CLANG_CXX_LANGUAGE_STANDARD = "gnu++14";
				CLANG_CXX_LIBRARY = "libc++";
				CLANG_ENABLE_MODULES = YES;
				CLANG_ENABLE_OBJC_ARC = YES;
				CLANG_ENABLE_OBJC_WEAK = YES;
				CLANG_WARN_BLOCK_CAPTURE_AUTORELEASING = YES;
				CLANG_WARN_BOOL_CONVERSION = YES;
				CLANG_WARN_COMMA = YES;
				CLANG_WARN_CONSTANT_CONVERSION = YES;
				CLANG_WARN_DEPRECATED_OBJC_IMPLEMENTATIONS = YES;
				CLANG_WARN_DIRECT_OBJC_ISA_USAGE = YES_ERROR;
				CLANG_WARN_DOCUMENTATION_COMMENTS = YES;
				CLANG_WARN_EMPTY_BODY = YES;
				CLANG_WARN_ENUM_CONVERSION = YES;
				CLANG_WARN_INFINITE_RECURSION = YES;
				CLANG_WARN_INT_CONVERSION = YES;
				CLANG_WARN_NON_LITERAL_NULL_CONVERSION = YES;
				CLANG_WARN_OBJC_IMPLICIT_RETAIN_SELF = YES;
				CLANG_WARN_OBJC_LITERAL_CONVERSION = YES;
				CLANG_WARN_OBJC_ROOT_CLASS = YES_ERROR;
				CLANG_WARN_RANGE_LOOP_ANALYSIS = YES;
				CLANG_WARN_STRICT_PROTOTYPES = YES;
				CLANG_WARN_SUSPICIOUS_MOVE = YES;
				CLANG_WARN_UNGUARDED_AVAILABILITY = YES_AGGRESSIVE;
				CLANG_WARN_UNREACHABLE_CODE = YES;
				CLANG_WARN__DUPLICATE_METHOD_MATCH = YES;
				COPY_PHASE_STRIP = NO;
				DEBUG_INFORMATION_FORMAT = "dwarf-with-dsym";
				ENABLE_NS_ASSERTIONS = NO;
				ENABLE_STRICT_OBJC_MSGSEND = YES;
				GCC_C_LANGUAGE_STANDARD = gnu11;
				GCC_NO_COMMON_BLOCKS = YES;
				GCC_WARN_64_TO_32_BIT_CONVERSION = YES;
				GCC_WARN_ABOUT_RETURN_TYPE = YES_ERROR;
				GCC_WARN_UNDECLARED_SELECTOR = YES;
				GCC_WARN_UNINITIALIZED_AUTOS = YES_AGGRESSIVE;
				GCC_WARN_UNUSED_FUNCTION = YES;
				GCC_WARN_UNUSED_VARIABLE = YES;
				IPHONEOS_DEPLOYMENT_TARGET = 13.5;
				MTL_ENABLE_DEBUG_INFO = NO;
				MTL_FAST_MATH = YES;
				SDKROOT = iphoneos;
				SWIFT_COMPILATION_MODE = wholemodule;
				SWIFT_OPTIMIZATION_LEVEL = "-O";
				VALIDATE_PRODUCT = YES;
			};
			name = Release;
		};
		D8923C4C24BB4FEF0088C4D7 /* Debug */ = {
			isa = XCBuildConfiguration;
			baseConfigurationReference = 7CC31E77A150BDA1CC146C06 /* Pods-Basic-Synth.debug.xcconfig */;
			buildSettings = {
				ASSETCATALOG_COMPILER_APPICON_NAME = AppIcon;
				CODE_SIGN_STYLE = Automatic;
				DEVELOPMENT_ASSET_PATHS = "\"Basic-Synth/Preview Content\"";
				ENABLE_PREVIEWS = YES;
				FRAMEWORK_SEARCH_PATHS = (
					"$(inherited)",
					"$(PROJECT_DIR)/Basic-Synth/AudioKit-iOS",
				);
				INFOPLIST_FILE = "Basic-Synth/Info.plist";
				LD_RUNPATH_SEARCH_PATHS = (
					"$(inherited)",
					"@executable_path/Frameworks",
				);
				NEW_SETTING = "";
				OTHER_LDFLAGS = (
					"$(inherited)",
					"-ObjC",
					"-l\"c++\"",
					"-framework",
					"\"AVFoundation\"",
					"-framework",
					"\"AudioKit\"",
					"-lc++",
				);
				PRODUCT_BUNDLE_IDENTIFIER = "nathan.sepulveda.Basic-Synth";
				PRODUCT_NAME = "$(TARGET_NAME)";
				SWIFT_VERSION = 5.0;
				TARGETED_DEVICE_FAMILY = "1,2";
			};
			name = Debug;
		};
		D8923C4D24BB4FEF0088C4D7 /* Release */ = {
			isa = XCBuildConfiguration;
			baseConfigurationReference = BCE9D3E4CB63970E85D5A113 /* Pods-Basic-Synth.release.xcconfig */;
			buildSettings = {
				ASSETCATALOG_COMPILER_APPICON_NAME = AppIcon;
				CODE_SIGN_STYLE = Automatic;
				DEVELOPMENT_ASSET_PATHS = "\"Basic-Synth/Preview Content\"";
				ENABLE_PREVIEWS = YES;
				FRAMEWORK_SEARCH_PATHS = (
					"$(inherited)",
					"$(PROJECT_DIR)/Basic-Synth/AudioKit-iOS",
				);
				INFOPLIST_FILE = "Basic-Synth/Info.plist";
				LD_RUNPATH_SEARCH_PATHS = (
					"$(inherited)",
					"@executable_path/Frameworks",
				);
				NEW_SETTING = "";
				OTHER_LDFLAGS = (
					"$(inherited)",
					"-ObjC",
					"-l\"c++\"",
					"-framework",
					"\"AVFoundation\"",
					"-framework",
					"\"AudioKit\"",
					"-lc++",
				);
				PRODUCT_BUNDLE_IDENTIFIER = "nathan.sepulveda.Basic-Synth";
				PRODUCT_NAME = "$(TARGET_NAME)";
				SWIFT_VERSION = 5.0;
				TARGETED_DEVICE_FAMILY = "1,2";
			};
			name = Release;
		};
		D8923C4F24BB4FEF0088C4D7 /* Debug */ = {
			isa = XCBuildConfiguration;
			baseConfigurationReference = 611C7B4F310D59E12EA626AB /* Pods-Basic-SynthTests.debug.xcconfig */;
			buildSettings = {
				ALWAYS_EMBED_SWIFT_STANDARD_LIBRARIES = YES;
				BUNDLE_LOADER = "$(TEST_HOST)";
				CODE_SIGN_STYLE = Automatic;
				INFOPLIST_FILE = "Basic-SynthTests/Info.plist";
				IPHONEOS_DEPLOYMENT_TARGET = 13.5;
				LD_RUNPATH_SEARCH_PATHS = (
					"$(inherited)",
					"@executable_path/Frameworks",
					"@loader_path/Frameworks",
				);
				PRODUCT_BUNDLE_IDENTIFIER = "nathan.sepulveda.Basic-SynthTests";
				PRODUCT_NAME = "$(TARGET_NAME)";
				SWIFT_VERSION = 5.0;
				TARGETED_DEVICE_FAMILY = "1,2";
				TEST_HOST = "$(BUILT_PRODUCTS_DIR)/Basic-Synth.app/Basic-Synth";
			};
			name = Debug;
		};
		D8923C5024BB4FEF0088C4D7 /* Release */ = {
			isa = XCBuildConfiguration;
			baseConfigurationReference = CD599A473FCE6359B2785746 /* Pods-Basic-SynthTests.release.xcconfig */;
			buildSettings = {
				ALWAYS_EMBED_SWIFT_STANDARD_LIBRARIES = YES;
				BUNDLE_LOADER = "$(TEST_HOST)";
				CODE_SIGN_STYLE = Automatic;
				INFOPLIST_FILE = "Basic-SynthTests/Info.plist";
				IPHONEOS_DEPLOYMENT_TARGET = 13.5;
				LD_RUNPATH_SEARCH_PATHS = (
					"$(inherited)",
					"@executable_path/Frameworks",
					"@loader_path/Frameworks",
				);
				PRODUCT_BUNDLE_IDENTIFIER = "nathan.sepulveda.Basic-SynthTests";
				PRODUCT_NAME = "$(TARGET_NAME)";
				SWIFT_VERSION = 5.0;
				TARGETED_DEVICE_FAMILY = "1,2";
				TEST_HOST = "$(BUILT_PRODUCTS_DIR)/Basic-Synth.app/Basic-Synth";
			};
			name = Release;
		};
		D8923C5224BB4FEF0088C4D7 /* Debug */ = {
			isa = XCBuildConfiguration;
			baseConfigurationReference = D33C9338A26051B7FC832844 /* Pods-Basic-Synth-Basic-SynthUITests.debug.xcconfig */;
			buildSettings = {
				ALWAYS_EMBED_SWIFT_STANDARD_LIBRARIES = YES;
				CODE_SIGN_STYLE = Automatic;
				INFOPLIST_FILE = "Basic-SynthUITests/Info.plist";
				LD_RUNPATH_SEARCH_PATHS = (
					"$(inherited)",
					"@executable_path/Frameworks",
					"@loader_path/Frameworks",
				);
				PRODUCT_BUNDLE_IDENTIFIER = "nathan.sepulveda.Basic-SynthUITests";
				PRODUCT_NAME = "$(TARGET_NAME)";
				SWIFT_VERSION = 5.0;
				TARGETED_DEVICE_FAMILY = "1,2";
				TEST_TARGET_NAME = "Basic-Synth";
			};
			name = Debug;
		};
		D8923C5324BB4FEF0088C4D7 /* Release */ = {
			isa = XCBuildConfiguration;
			baseConfigurationReference = 87B983033869E39617A43715 /* Pods-Basic-Synth-Basic-SynthUITests.release.xcconfig */;
			buildSettings = {
				ALWAYS_EMBED_SWIFT_STANDARD_LIBRARIES = YES;
				CODE_SIGN_STYLE = Automatic;
				INFOPLIST_FILE = "Basic-SynthUITests/Info.plist";
				LD_RUNPATH_SEARCH_PATHS = (
					"$(inherited)",
					"@executable_path/Frameworks",
					"@loader_path/Frameworks",
				);
				PRODUCT_BUNDLE_IDENTIFIER = "nathan.sepulveda.Basic-SynthUITests";
				PRODUCT_NAME = "$(TARGET_NAME)";
				SWIFT_VERSION = 5.0;
				TARGETED_DEVICE_FAMILY = "1,2";
				TEST_TARGET_NAME = "Basic-Synth";
			};
			name = Release;
		};
/* End XCBuildConfiguration section */

/* Begin XCConfigurationList section */
		D8923C1C24BB4FEB0088C4D7 /* Build configuration list for PBXProject "Basic-Synth" */ = {
			isa = XCConfigurationList;
			buildConfigurations = (
				D8923C4924BB4FEF0088C4D7 /* Debug */,
				D8923C4A24BB4FEF0088C4D7 /* Release */,
			);
			defaultConfigurationIsVisible = 0;
			defaultConfigurationName = Release;
		};
		D8923C4B24BB4FEF0088C4D7 /* Build configuration list for PBXNativeTarget "Basic-Synth" */ = {
			isa = XCConfigurationList;
			buildConfigurations = (
				D8923C4C24BB4FEF0088C4D7 /* Debug */,
				D8923C4D24BB4FEF0088C4D7 /* Release */,
			);
			defaultConfigurationIsVisible = 0;
			defaultConfigurationName = Release;
		};
		D8923C4E24BB4FEF0088C4D7 /* Build configuration list for PBXNativeTarget "Basic-SynthTests" */ = {
			isa = XCConfigurationList;
			buildConfigurations = (
				D8923C4F24BB4FEF0088C4D7 /* Debug */,
				D8923C5024BB4FEF0088C4D7 /* Release */,
			);
			defaultConfigurationIsVisible = 0;
			defaultConfigurationName = Release;
		};
		D8923C5124BB4FEF0088C4D7 /* Build configuration list for PBXNativeTarget "Basic-SynthUITests" */ = {
			isa = XCConfigurationList;
			buildConfigurations = (
				D8923C5224BB4FEF0088C4D7 /* Debug */,
				D8923C5324BB4FEF0088C4D7 /* Release */,
			);
			defaultConfigurationIsVisible = 0;
			defaultConfigurationName = Release;
		};
/* End XCConfigurationList section */
	};
	rootObject = D8923C1924BB4FEB0088C4D7 /* Project object */;
}
